// !$*UTF8*$!
{
	archiveVersion = 1;
	classes = {
	};
	objectVersion = 56;
	objects = {

/* Begin PBXBuildFile section */
		818461782B323A150023E40C /* AppDelegate.swift in Sources */ = {isa = PBXBuildFile; fileRef = 818461772B323A150023E40C /* AppDelegate.swift */; };
		8184617A2B323A150023E40C /* SceneDelegate.swift in Sources */ = {isa = PBXBuildFile; fileRef = 818461792B323A150023E40C /* SceneDelegate.swift */; };
		8184617C2B323A150023E40C /* RMTabViewController.swift in Sources */ = {isa = PBXBuildFile; fileRef = 8184617B2B323A150023E40C /* RMTabViewController.swift */; };
		818461812B323A1A0023E40C /* Assets.xcassets in Resources */ = {isa = PBXBuildFile; fileRef = 818461802B323A1A0023E40C /* Assets.xcassets */; };
		818461842B323A1A0023E40C /* LaunchScreen.storyboard in Resources */ = {isa = PBXBuildFile; fileRef = 818461822B323A1A0023E40C /* LaunchScreen.storyboard */; };
		8184619C2B35DD1C0023E40C /* RMEpisodesViewController.swift in Sources */ = {isa = PBXBuildFile; fileRef = 8184619B2B35DD1C0023E40C /* RMEpisodesViewController.swift */; };
		8184619E2B35DD3E0023E40C /* RMLocationViewController.swift in Sources */ = {isa = PBXBuildFile; fileRef = 8184619D2B35DD3E0023E40C /* RMLocationViewController.swift */; };
		818461A02B35DD540023E40C /* RMSettingViewController.swift in Sources */ = {isa = PBXBuildFile; fileRef = 8184619F2B35DD540023E40C /* RMSettingViewController.swift */; };
		818461A62B35DF020023E40C /* RMCharacterViewController.swift in Sources */ = {isa = PBXBuildFile; fileRef = 818461A52B35DF020023E40C /* RMCharacterViewController.swift */; };
/* End PBXBuildFile section */

/* Begin PBXFileReference section */
		818461742B323A150023E40C /* RickyAndMorty.app */ = {isa = PBXFileReference; explicitFileType = wrapper.application; includeInIndex = 0; path = RickyAndMorty.app; sourceTree = BUILT_PRODUCTS_DIR; };
		818461772B323A150023E40C /* AppDelegate.swift */ = {isa = PBXFileReference; lastKnownFileType = sourcecode.swift; path = AppDelegate.swift; sourceTree = "<group>"; };
		818461792B323A150023E40C /* SceneDelegate.swift */ = {isa = PBXFileReference; lastKnownFileType = sourcecode.swift; path = SceneDelegate.swift; sourceTree = "<group>"; };
		8184617B2B323A150023E40C /* RMTabViewController.swift */ = {isa = PBXFileReference; lastKnownFileType = sourcecode.swift; path = RMTabViewController.swift; sourceTree = "<group>"; };
		818461802B323A1A0023E40C /* Assets.xcassets */ = {isa = PBXFileReference; lastKnownFileType = folder.assetcatalog; path = Assets.xcassets; sourceTree = "<group>"; };
		818461832B323A1A0023E40C /* Base */ = {isa = PBXFileReference; lastKnownFileType = file.storyboard; name = Base; path = Base.lproj/LaunchScreen.storyboard; sourceTree = "<group>"; };
		818461852B323A1A0023E40C /* Info.plist */ = {isa = PBXFileReference; lastKnownFileType = text.plist.xml; path = Info.plist; sourceTree = "<group>"; };
		8184619B2B35DD1C0023E40C /* RMEpisodesViewController.swift */ = {isa = PBXFileReference; lastKnownFileType = sourcecode.swift; path = RMEpisodesViewController.swift; sourceTree = "<group>"; };
		8184619D2B35DD3E0023E40C /* RMLocationViewController.swift */ = {isa = PBXFileReference; lastKnownFileType = sourcecode.swift; path = RMLocationViewController.swift; sourceTree = "<group>"; };
		8184619F2B35DD540023E40C /* RMSettingViewController.swift */ = {isa = PBXFileReference; lastKnownFileType = sourcecode.swift; path = RMSettingViewController.swift; sourceTree = "<group>"; };
		818461A52B35DF020023E40C /* RMCharacterViewController.swift */ = {isa = PBXFileReference; lastKnownFileType = sourcecode.swift; path = RMCharacterViewController.swift; sourceTree = "<group>"; };
/* End PBXFileReference section */

/* Begin PBXFrameworksBuildPhase section */
		818461712B323A150023E40C /* Frameworks */ = {
			isa = PBXFrameworksBuildPhase;
			buildActionMask = 2147483647;
			files = (
			);
			runOnlyForDeploymentPostprocessing = 0;
		};
/* End PBXFrameworksBuildPhase section */

/* Begin PBXGroup section */
		8184616B2B323A150023E40C = {
			isa = PBXGroup;
			children = (
				818461762B323A150023E40C /* RickyAndMorty */,
				818461752B323A150023E40C /* Products */,
			);
			sourceTree = "<group>";
		};
		818461752B323A150023E40C /* Products */ = {
			isa = PBXGroup;
			children = (
				818461742B323A150023E40C /* RickyAndMorty.app */,
			);
			name = Products;
			sourceTree = "<group>";
		};
		818461762B323A150023E40C /* RickyAndMorty */ = {
			isa = PBXGroup;
			children = (
				818461942B35DBAB0023E40C /* Model */,
				818461922B35DB6A0023E40C /* Resources */,
				818461912B35DB610023E40C /* ApiClient */,
				818461902B35DB460023E40C /* Manager */,
				818461952B35DC090023E40C /* TabBar */,
				818461962B35DC980023E40C /* Screens */,
				818461852B323A1A0023E40C /* Info.plist */,
			);
			path = RickyAndMorty;
			sourceTree = "<group>";
		};
		818461902B35DB460023E40C /* Manager */ = {
			isa = PBXGroup;
			children = (
			);
			path = Manager;
			sourceTree = "<group>";
		};
		818461912B35DB610023E40C /* ApiClient */ = {
			isa = PBXGroup;
			children = (
			);
			path = ApiClient;
			sourceTree = "<group>";
		};
		818461922B35DB6A0023E40C /* Resources */ = {
			isa = PBXGroup;
			children = (
				818461822B323A1A0023E40C /* LaunchScreen.storyboard */,
				818461802B323A1A0023E40C /* Assets.xcassets */,
				818461772B323A150023E40C /* AppDelegate.swift */,
				818461792B323A150023E40C /* SceneDelegate.swift */,
			);
			path = Resources;
			sourceTree = "<group>";
		};
		818461942B35DBAB0023E40C /* Model */ = {
			isa = PBXGroup;
			children = (
			);
			path = Model;
			sourceTree = "<group>";
		};
		818461952B35DC090023E40C /* TabBar */ = {
			isa = PBXGroup;
			children = (
				8184617B2B323A150023E40C /* RMTabViewController.swift */,
			);
			path = TabBar;
			sourceTree = "<group>";
		};
		818461962B35DC980023E40C /* Screens */ = {
			isa = PBXGroup;
			children = (
				818461972B35DCB00023E40C /* RMCharacter */,
				8184619A2B35DCF70023E40C /* RMEpisodes */,
				818461992B35DCDA0023E40C /* RMLocation */,
				818461982B35DCCC0023E40C /* RMSettings */,
			);
			path = Screens;
			sourceTree = "<group>";
		};
		818461972B35DCB00023E40C /* RMCharacter */ = {
			isa = PBXGroup;
			children = (
				818461A42B35DEE70023E40C /* Views */,
			);
			path = RMCharacter;
			sourceTree = "<group>";
		};
		818461982B35DCCC0023E40C /* RMSettings */ = {
			isa = PBXGroup;
			children = (
				818461A32B35DD660023E40C /* Views */,
			);
			path = RMSettings;
			sourceTree = "<group>";
		};
		818461992B35DCDA0023E40C /* RMLocation */ = {
			isa = PBXGroup;
			children = (
				818461A22B35DD5F0023E40C /* Views */,
			);
			path = RMLocation;
			sourceTree = "<group>";
		};
		8184619A2B35DCF70023E40C /* RMEpisodes */ = {
			isa = PBXGroup;
			children = (
				818461A12B35DD580023E40C /* Views */,
			);
			path = RMEpisodes;
			sourceTree = "<group>";
		};
		818461A12B35DD580023E40C /* Views */ = {
			isa = PBXGroup;
			children = (
				8184619B2B35DD1C0023E40C /* RMEpisodesViewController.swift */,
			);
			path = Views;
			sourceTree = "<group>";
		};
		818461A22B35DD5F0023E40C /* Views */ = {
			isa = PBXGroup;
			children = (
				8184619D2B35DD3E0023E40C /* RMLocationViewController.swift */,
			);
			path = Views;
			sourceTree = "<group>";
		};
		818461A32B35DD660023E40C /* Views */ = {
			isa = PBXGroup;
			children = (
				8184619F2B35DD540023E40C /* RMSettingViewController.swift */,
			);
			path = Views;
			sourceTree = "<group>";
		};
		818461A42B35DEE70023E40C /* Views */ = {
			isa = PBXGroup;
			children = (
				818461A52B35DF020023E40C /* RMCharacterViewController.swift */,
			);
			path = Views;
			sourceTree = "<group>";
		};
/* End PBXGroup section */

/* Begin PBXNativeTarget section */
		818461732B323A150023E40C /* RickyAndMorty */ = {
			isa = PBXNativeTarget;
			buildConfigurationList = 818461882B323A1A0023E40C /* Build configuration list for PBXNativeTarget "RickyAndMorty" */;
			buildPhases = (
				818461702B323A150023E40C /* Sources */,
				818461712B323A150023E40C /* Frameworks */,
				818461722B323A150023E40C /* Resources */,
			);
			buildRules = (
			);
			dependencies = (
			);
			name = RickyAndMorty;
			productName = RickyAndMorty;
			productReference = 818461742B323A150023E40C /* RickyAndMorty.app */;
			productType = "com.apple.product-type.application";
		};
/* End PBXNativeTarget section */

/* Begin PBXProject section */
		8184616C2B323A150023E40C /* Project object */ = {
			isa = PBXProject;
			attributes = {
				BuildIndependentTargetsInParallel = 1;
				LastSwiftUpdateCheck = 1500;
				LastUpgradeCheck = 1500;
				TargetAttributes = {
					818461732B323A150023E40C = {
						CreatedOnToolsVersion = 15.0;
					};
				};
			};
			buildConfigurationList = 8184616F2B323A150023E40C /* Build configuration list for PBXProject "RickyAndMorty" */;
			compatibilityVersion = "Xcode 14.0";
			developmentRegion = en;
			hasScannedForEncodings = 0;
			knownRegions = (
				en,
				Base,
			);
			mainGroup = 8184616B2B323A150023E40C;
			productRefGroup = 818461752B323A150023E40C /* Products */;
			projectDirPath = "";
			projectRoot = "";
			targets = (
				818461732B323A150023E40C /* RickyAndMorty */,
			);
		};
/* End PBXProject section */

/* Begin PBXResourcesBuildPhase section */
		818461722B323A150023E40C /* Resources */ = {
			isa = PBXResourcesBuildPhase;
			buildActionMask = 2147483647;
			files = (
				818461842B323A1A0023E40C /* LaunchScreen.storyboard in Resources */,
				818461812B323A1A0023E40C /* Assets.xcassets in Resources */,
			);
			runOnlyForDeploymentPostprocessing = 0;
		};
/* End PBXResourcesBuildPhase section */

/* Begin PBXSourcesBuildPhase section */
		818461702B323A150023E40C /* Sources */ = {
			isa = PBXSourcesBuildPhase;
			buildActionMask = 2147483647;
			files = (
				8184617C2B323A150023E40C /* RMTabViewController.swift in Sources */,
				8184619E2B35DD3E0023E40C /* RMLocationViewController.swift in Sources */,
				818461A02B35DD540023E40C /* RMSettingViewController.swift in Sources */,
				818461782B323A150023E40C /* AppDelegate.swift in Sources */,
				8184617A2B323A150023E40C /* SceneDelegate.swift in Sources */,
				8184619C2B35DD1C0023E40C /* RMEpisodesViewController.swift in Sources */,
				818461A62B35DF020023E40C /* RMCharacterViewController.swift in Sources */,
			);
			runOnlyForDeploymentPostprocessing = 0;
		};
/* End PBXSourcesBuildPhase section */

/* Begin PBXVariantGroup section */
		818461822B323A1A0023E40C /* LaunchScreen.storyboard */ = {
			isa = PBXVariantGroup;
			children = (
				818461832B323A1A0023E40C /* Base */,
			);
			name = LaunchScreen.storyboard;
			sourceTree = "<group>";
		};
/* End PBXVariantGroup section */

/* Begin XCBuildConfiguration section */
		818461862B323A1A0023E40C /* Debug */ = {
			isa = XCBuildConfiguration;
			buildSettings = {
				ALWAYS_SEARCH_USER_PATHS = NO;
				ASSETCATALOG_COMPILER_GENERATE_SWIFT_ASSET_SYMBOL_EXTENSIONS = YES;
				CLANG_ANALYZER_NONNULL = YES;
				CLANG_ANALYZER_NUMBER_OBJECT_CONVERSION = YES_AGGRESSIVE;
				CLANG_CXX_LANGUAGE_STANDARD = "gnu++20";
				CLANG_ENABLE_MODULES = YES;
				CLANG_ENABLE_OBJC_ARC = YES;
				CLANG_ENABLE_OBJC_WEAK = YES;
				CLANG_WARN_BLOCK_CAPTURE_AUTORELEASING = YES;
				CLANG_WARN_BOOL_CONVERSION = YES;
				CLANG_WARN_COMMA = YES;
				CLANG_WARN_CONSTANT_CONVERSION = YES;
				CLANG_WARN_DEPRECATED_OBJC_IMPLEMENTATIONS = YES;
				CLANG_WARN_DIRECT_OBJC_ISA_USAGE = YES_ERROR;
				CLANG_WARN_DOCUMENTATION_COMMENTS = YES;
				CLANG_WARN_EMPTY_BODY = YES;
				CLANG_WARN_ENUM_CONVERSION = YES;
				CLANG_WARN_INFINITE_RECURSION = YES;
				CLANG_WARN_INT_CONVERSION = YES;
				CLANG_WARN_NON_LITERAL_NULL_CONVERSION = YES;
				CLANG_WARN_OBJC_IMPLICIT_RETAIN_SELF = YES;
				CLANG_WARN_OBJC_LITERAL_CONVERSION = YES;
				CLANG_WARN_OBJC_ROOT_CLASS = YES_ERROR;
				CLANG_WARN_QUOTED_INCLUDE_IN_FRAMEWORK_HEADER = YES;
				CLANG_WARN_RANGE_LOOP_ANALYSIS = YES;
				CLANG_WARN_STRICT_PROTOTYPES = YES;
				CLANG_WARN_SUSPICIOUS_MOVE = YES;
				CLANG_WARN_UNGUARDED_AVAILABILITY = YES_AGGRESSIVE;
				CLANG_WARN_UNREACHABLE_CODE = YES;
				CLANG_WARN__DUPLICATE_METHOD_MATCH = YES;
				COPY_PHASE_STRIP = NO;
				DEBUG_INFORMATION_FORMAT = dwarf;
				ENABLE_STRICT_OBJC_MSGSEND = YES;
				ENABLE_TESTABILITY = YES;
				ENABLE_USER_SCRIPT_SANDBOXING = YES;
				GCC_C_LANGUAGE_STANDARD = gnu17;
				GCC_DYNAMIC_NO_PIC = NO;
				GCC_NO_COMMON_BLOCKS = YES;
				GCC_OPTIMIZATION_LEVEL = 0;
				GCC_PREPROCESSOR_DEFINITIONS = (
					"DEBUG=1",
					"$(inherited)",
				);
				GCC_WARN_64_TO_32_BIT_CONVERSION = YES;
				GCC_WARN_ABOUT_RETURN_TYPE = YES_ERROR;
				GCC_WARN_UNDECLARED_SELECTOR = YES;
				GCC_WARN_UNINITIALIZED_AUTOS = YES_AGGRESSIVE;
				GCC_WARN_UNUSED_FUNCTION = YES;
				GCC_WARN_UNUSED_VARIABLE = YES;
				IPHONEOS_DEPLOYMENT_TARGET = 17.0;
				LOCALIZATION_PREFERS_STRING_CATALOGS = YES;
				MTL_ENABLE_DEBUG_INFO = INCLUDE_SOURCE;
				MTL_FAST_MATH = YES;
				ONLY_ACTIVE_ARCH = YES;
				SDKROOT = iphoneos;
				SWIFT_ACTIVE_COMPILATION_CONDITIONS = "DEBUG $(inherited)";
				SWIFT_OPTIMIZATION_LEVEL = "-Onone";
			};
			name = Debug;
		};
		818461872B323A1A0023E40C /* Release */ = {
			isa = XCBuildConfiguration;
			buildSettings = {
				ALWAYS_SEARCH_USER_PATHS = NO;
				ASSETCATALOG_COMPILER_GENERATE_SWIFT_ASSET_SYMBOL_EXTENSIONS = YES;
				CLANG_ANALYZER_NONNULL = YES;
				CLANG_ANALYZER_NUMBER_OBJECT_CONVERSION = YES_AGGRESSIVE;
				CLANG_CXX_LANGUAGE_STANDARD = "gnu++20";
				CLANG_ENABLE_MODULES = YES;
				CLANG_ENABLE_OBJC_ARC = YES;
				CLANG_ENABLE_OBJC_WEAK = YES;
				CLANG_WARN_BLOCK_CAPTURE_AUTORELEASING = YES;
				CLANG_WARN_BOOL_CONVERSION = YES;
				CLANG_WARN_COMMA = YES;
				CLANG_WARN_CONSTANT_CONVERSION = YES;
				CLANG_WARN_DEPRECATED_OBJC_IMPLEMENTATIONS = YES;
				CLANG_WARN_DIRECT_OBJC_ISA_USAGE = YES_ERROR;
				CLANG_WARN_DOCUMENTATION_COMMENTS = YES;
				CLANG_WARN_EMPTY_BODY = YES;
				CLANG_WARN_ENUM_CONVERSION = YES;
				CLANG_WARN_INFINITE_RECURSION = YES;
				CLANG_WARN_INT_CONVERSION = YES;
				CLANG_WARN_NON_LITERAL_NULL_CONVERSION = YES;
				CLANG_WARN_OBJC_IMPLICIT_RETAIN_SELF = YES;
				CLANG_WARN_OBJC_LITERAL_CONVERSION = YES;
				CLANG_WARN_OBJC_ROOT_CLASS = YES_ERROR;
				CLANG_WARN_QUOTED_INCLUDE_IN_FRAMEWORK_HEADER = YES;
				CLANG_WARN_RANGE_LOOP_ANALYSIS = YES;
				CLANG_WARN_STRICT_PROTOTYPES = YES;
				CLANG_WARN_SUSPICIOUS_MOVE = YES;
				CLANG_WARN_UNGUARDED_AVAILABILITY = YES_AGGRESSIVE;
				CLANG_WARN_UNREACHABLE_CODE = YES;
				CLANG_WARN__DUPLICATE_METHOD_MATCH = YES;
				COPY_PHASE_STRIP = NO;
				DEBUG_INFORMATION_FORMAT = "dwarf-with-dsym";
				ENABLE_NS_ASSERTIONS = NO;
				ENABLE_STRICT_OBJC_MSGSEND = YES;
				ENABLE_USER_SCRIPT_SANDBOXING = YES;
				GCC_C_LANGUAGE_STANDARD = gnu17;
				GCC_NO_COMMON_BLOCKS = YES;
				GCC_WARN_64_TO_32_BIT_CONVERSION = YES;
				GCC_WARN_ABOUT_RETURN_TYPE = YES_ERROR;
				GCC_WARN_UNDECLARED_SELECTOR = YES;
				GCC_WARN_UNINITIALIZED_AUTOS = YES_AGGRESSIVE;
				GCC_WARN_UNUSED_FUNCTION = YES;
				GCC_WARN_UNUSED_VARIABLE = YES;
				IPHONEOS_DEPLOYMENT_TARGET = 17.0;
				LOCALIZATION_PREFERS_STRING_CATALOGS = YES;
				MTL_ENABLE_DEBUG_INFO = NO;
				MTL_FAST_MATH = YES;
				SDKROOT = iphoneos;
				SWIFT_COMPILATION_MODE = wholemodule;
				VALIDATE_PRODUCT = YES;
			};
			name = Release;
		};
		818461892B323A1A0023E40C /* Debug */ = {
			isa = XCBuildConfiguration;
			buildSettings = {
				ASSETCATALOG_COMPILER_APPICON_NAME = AppIcon;
				ASSETCATALOG_COMPILER_GLOBAL_ACCENT_COLOR_NAME = AccentColor;
				CODE_SIGN_STYLE = Automatic;
				CURRENT_PROJECT_VERSION = 1;
				GENERATE_INFOPLIST_FILE = YES;
				INFOPLIST_FILE = RickyAndMorty/Info.plist;
				INFOPLIST_KEY_UIApplicationSupportsIndirectInputEvents = YES;
				INFOPLIST_KEY_UILaunchStoryboardName = LaunchScreen;
				INFOPLIST_KEY_UISupportedInterfaceOrientations_iPad = "UIInterfaceOrientationPortrait UIInterfaceOrientationPortraitUpsideDown UIInterfaceOrientationLandscapeLeft UIInterfaceOrientationLandscapeRight";
				INFOPLIST_KEY_UISupportedInterfaceOrientations_iPhone = "UIInterfaceOrientationPortrait UIInterfaceOrientationLandscapeLeft UIInterfaceOrientationLandscapeRight";
				LD_RUNPATH_SEARCH_PATHS = (
					"$(inherited)",
					"@executable_path/Frameworks",
				);
				MARKETING_VERSION = 1.0;
				PRODUCT_BUNDLE_IDENTIFIER = Com.Banye.RickyAndMorty;
				PRODUCT_NAME = "$(TARGET_NAME)";
				SWIFT_EMIT_LOC_STRINGS = YES;
				SWIFT_VERSION = 5.0;
				TARGETED_DEVICE_FAMILY = "1,2";
			};
			name = Debug;
		};
		8184618A2B323A1A0023E40C /* Release */ = {
			isa = XCBuildConfiguration;
			buildSettings = {
				ASSETCATALOG_COMPILER_APPICON_NAME = AppIcon;
				ASSETCATALOG_COMPILER_GLOBAL_ACCENT_COLOR_NAME = AccentColor;
				CODE_SIGN_STYLE = Automatic;
				CURRENT_PROJECT_VERSION = 1;
				GENERATE_INFOPLIST_FILE = YES;
				INFOPLIST_FILE = RickyAndMorty/Info.plist;
				INFOPLIST_KEY_UIApplicationSupportsIndirectInputEvents = YES;
				INFOPLIST_KEY_UILaunchStoryboardName = LaunchScreen;
				INFOPLIST_KEY_UISupportedInterfaceOrientations_iPad = "UIInterfaceOrientationPortrait UIInterfaceOrientationPortraitUpsideDown UIInterfaceOrientationLandscapeLeft UIInterfaceOrientationLandscapeRight";
				INFOPLIST_KEY_UISupportedInterfaceOrientations_iPhone = "UIInterfaceOrientationPortrait UIInterfaceOrientationLandscapeLeft UIInterfaceOrientationLandscapeRight";
				LD_RUNPATH_SEARCH_PATHS = (
					"$(inherited)",
					"@executable_path/Frameworks",
				);
				MARKETING_VERSION = 1.0;
				PRODUCT_BUNDLE_IDENTIFIER = Com.Banye.RickyAndMorty;
				PRODUCT_NAME = "$(TARGET_NAME)";
				SWIFT_EMIT_LOC_STRINGS = YES;
				SWIFT_VERSION = 5.0;
				TARGETED_DEVICE_FAMILY = "1,2";
			};
			name = Release;
		};
/* End XCBuildConfiguration section */

/* Begin XCConfigurationList section */
		8184616F2B323A150023E40C /* Build configuration list for PBXProject "RickyAndMorty" */ = {
			isa = XCConfigurationList;
			buildConfigurations = (
				818461862B323A1A0023E40C /* Debug */,
				818461872B323A1A0023E40C /* Release */,
			);
			defaultConfigurationIsVisible = 0;
			defaultConfigurationName = Release;
		};
		818461882B323A1A0023E40C /* Build configuration list for PBXNativeTarget "RickyAndMorty" */ = {
			isa = XCConfigurationList;
			buildConfigurations = (
				818461892B323A1A0023E40C /* Debug */,
				8184618A2B323A1A0023E40C /* Release */,
			);
			defaultConfigurationIsVisible = 0;
			defaultConfigurationName = Release;
		};
/* End XCConfigurationList section */
	};
	rootObject = 8184616C2B323A150023E40C /* Project object */;
}
