// !$*UTF8*$!
{
	archiveVersion = 1;
	classes = {
	};
	objectVersion = 56;
	objects = {

/* Begin PBXBuildFile section */
		81D09A12297DBD5400763688 /* AppDelegate.swift in Sources */ = {isa = PBXBuildFile; fileRef = 81D09A11297DBD5400763688 /* AppDelegate.swift */; };
		81D09A16297DBD5500763688 /* RMTabBarViewController.swift in Sources */ = {isa = PBXBuildFile; fileRef = 81D09A15297DBD5500763688 /* RMTabBarViewController.swift */; };
		81D09A1B297DBD5800763688 /* Assets.xcassets in Resources */ = {isa = PBXBuildFile; fileRef = 81D09A1A297DBD5800763688 /* Assets.xcassets */; };
		81D09A1E297DBD5800763688 /* LaunchScreen.storyboard in Resources */ = {isa = PBXBuildFile; fileRef = 81D09A1C297DBD5800763688 /* LaunchScreen.storyboard */; };
		81D09A2C297DC54800763688 /* RMLocation.swift in Sources */ = {isa = PBXBuildFile; fileRef = 81D09A2B297DC54800763688 /* RMLocation.swift */; };
		81D09A2E297DC55B00763688 /* RMCharacter.swift in Sources */ = {isa = PBXBuildFile; fileRef = 81D09A2D297DC55B00763688 /* RMCharacter.swift */; };
		81D09A30297DC57500763688 /* RMEpisode.swift in Sources */ = {isa = PBXBuildFile; fileRef = 81D09A2F297DC57500763688 /* RMEpisode.swift */; };
		81D09A33297DCA6400763688 /* RMLocationViewController.swift in Sources */ = {isa = PBXBuildFile; fileRef = 81D09A32297DCA6400763688 /* RMLocationViewController.swift */; };
		81D09A35297DCA8100763688 /* RMCharacterViewController.swift in Sources */ = {isa = PBXBuildFile; fileRef = 81D09A34297DCA8100763688 /* RMCharacterViewController.swift */; };
		81D09A37297DCA9100763688 /* RMEpisodeViewController.swift in Sources */ = {isa = PBXBuildFile; fileRef = 81D09A36297DCA9100763688 /* RMEpisodeViewController.swift */; };
		81D09A39297DCD3700763688 /* RMSettingViewController.swift in Sources */ = {isa = PBXBuildFile; fileRef = 81D09A38297DCD3700763688 /* RMSettingViewController.swift */; };
		81F010672A09E09C00840292 /* RMRequest.swift in Sources */ = {isa = PBXBuildFile; fileRef = 81F010662A09E09C00840292 /* RMRequest.swift */; };
		81F010692A09E0AD00840292 /* NetworkManager.swift in Sources */ = {isa = PBXBuildFile; fileRef = 81F010682A09E0AD00840292 /* NetworkManager.swift */; };
		81F0106B2A09E17B00840292 /* RMEndpoints.swift in Sources */ = {isa = PBXBuildFile; fileRef = 81F0106A2A09E17B00840292 /* RMEndpoints.swift */; };
		81F0106D2A09E84700840292 /* RMOrigin.swift in Sources */ = {isa = PBXBuildFile; fileRef = 81F0106C2A09E84700840292 /* RMOrigin.swift */; };
		81F010702A09EAA200840292 /* RMGender.swift in Sources */ = {isa = PBXBuildFile; fileRef = 81F0106F2A09EAA200840292 /* RMGender.swift */; };
		81F010722A09EAB300840292 /* RMStatus.swift in Sources */ = {isa = PBXBuildFile; fileRef = 81F010712A09EAB300840292 /* RMStatus.swift */; };
/* End PBXBuildFile section */

/* Begin PBXFileReference section */
		81D09A0E297DBD5400763688 /* RickAndMorty.app */ = {isa = PBXFileReference; explicitFileType = wrapper.application; includeInIndex = 0; path = RickAndMorty.app; sourceTree = BUILT_PRODUCTS_DIR; };
		81D09A11297DBD5400763688 /* AppDelegate.swift */ = {isa = PBXFileReference; lastKnownFileType = sourcecode.swift; path = AppDelegate.swift; sourceTree = "<group>"; };
		81D09A15297DBD5500763688 /* RMTabBarViewController.swift */ = {isa = PBXFileReference; lastKnownFileType = sourcecode.swift; path = RMTabBarViewController.swift; sourceTree = "<group>"; };
		81D09A1A297DBD5800763688 /* Assets.xcassets */ = {isa = PBXFileReference; lastKnownFileType = folder.assetcatalog; path = Assets.xcassets; sourceTree = "<group>"; };
		81D09A1D297DBD5800763688 /* Base */ = {isa = PBXFileReference; lastKnownFileType = file.storyboard; name = Base; path = Base.lproj/LaunchScreen.storyboard; sourceTree = "<group>"; };
		81D09A1F297DBD5800763688 /* Info.plist */ = {isa = PBXFileReference; lastKnownFileType = text.plist.xml; path = Info.plist; sourceTree = "<group>"; };
		81D09A2B297DC54800763688 /* RMLocation.swift */ = {isa = PBXFileReference; lastKnownFileType = sourcecode.swift; path = RMLocation.swift; sourceTree = "<group>"; };
		81D09A2D297DC55B00763688 /* RMCharacter.swift */ = {isa = PBXFileReference; lastKnownFileType = sourcecode.swift; path = RMCharacter.swift; sourceTree = "<group>"; };
		81D09A2F297DC57500763688 /* RMEpisode.swift */ = {isa = PBXFileReference; lastKnownFileType = sourcecode.swift; path = RMEpisode.swift; sourceTree = "<group>"; };
		81D09A32297DCA6400763688 /* RMLocationViewController.swift */ = {isa = PBXFileReference; lastKnownFileType = sourcecode.swift; path = RMLocationViewController.swift; sourceTree = "<group>"; };
		81D09A34297DCA8100763688 /* RMCharacterViewController.swift */ = {isa = PBXFileReference; lastKnownFileType = sourcecode.swift; path = RMCharacterViewController.swift; sourceTree = "<group>"; };
		81D09A36297DCA9100763688 /* RMEpisodeViewController.swift */ = {isa = PBXFileReference; lastKnownFileType = sourcecode.swift; path = RMEpisodeViewController.swift; sourceTree = "<group>"; };
		81D09A38297DCD3700763688 /* RMSettingViewController.swift */ = {isa = PBXFileReference; lastKnownFileType = sourcecode.swift; path = RMSettingViewController.swift; sourceTree = "<group>"; };
		81F010662A09E09C00840292 /* RMRequest.swift */ = {isa = PBXFileReference; lastKnownFileType = sourcecode.swift; path = RMRequest.swift; sourceTree = "<group>"; };
		81F010682A09E0AD00840292 /* NetworkManager.swift */ = {isa = PBXFileReference; lastKnownFileType = sourcecode.swift; path = NetworkManager.swift; sourceTree = "<group>"; };
		81F0106A2A09E17B00840292 /* RMEndpoints.swift */ = {isa = PBXFileReference; lastKnownFileType = sourcecode.swift; path = RMEndpoints.swift; sourceTree = "<group>"; };
		81F0106C2A09E84700840292 /* RMOrigin.swift */ = {isa = PBXFileReference; lastKnownFileType = sourcecode.swift; path = RMOrigin.swift; sourceTree = "<group>"; };
		81F0106F2A09EAA200840292 /* RMGender.swift */ = {isa = PBXFileReference; lastKnownFileType = sourcecode.swift; path = RMGender.swift; sourceTree = "<group>"; };
		81F010712A09EAB300840292 /* RMStatus.swift */ = {isa = PBXFileReference; lastKnownFileType = sourcecode.swift; path = RMStatus.swift; sourceTree = "<group>"; };
/* End PBXFileReference section */

/* Begin PBXFrameworksBuildPhase section */
		81D09A0B297DBD5400763688 /* Frameworks */ = {
			isa = PBXFrameworksBuildPhase;
			buildActionMask = 2147483647;
			files = (
			);
			runOnlyForDeploymentPostprocessing = 0;
		};
/* End PBXFrameworksBuildPhase section */

/* Begin PBXGroup section */
		81D09A05297DBD5400763688 = {
			isa = PBXGroup;
			children = (
				81D09A10297DBD5400763688 /* RickAndMorty */,
				81D09A0F297DBD5400763688 /* Products */,
			);
			sourceTree = "<group>";
		};
		81D09A0F297DBD5400763688 /* Products */ = {
			isa = PBXGroup;
			children = (
				81D09A0E297DBD5400763688 /* RickAndMorty.app */,
			);
			name = Products;
			sourceTree = "<group>";
		};
		81D09A10297DBD5400763688 /* RickAndMorty */ = {
			isa = PBXGroup;
			children = (
				81D09A11297DBD5400763688 /* AppDelegate.swift */,
				81D09A2A297DC46700763688 /* Resources */,
				81D09A29297DC45B00763688 /* ApiCallers */,
				81D09A28297DC44900763688 /* ViewModels */,
				81D09A27297DC43C00763688 /* Models */,
				81D09A26297DC43500763688 /* Views */,
				81D09A25297DC42C00763688 /* Controllers */,
				81D09A1F297DBD5800763688 /* Info.plist */,
			);
			path = RickAndMorty;
			sourceTree = "<group>";
		};
		81D09A25297DC42C00763688 /* Controllers */ = {
			isa = PBXGroup;
			children = (
				81D09A31297DC98E00763688 /* Core */,
			);
			path = Controllers;
			sourceTree = "<group>";
		};
		81D09A26297DC43500763688 /* Views */ = {
			isa = PBXGroup;
			children = (
			);
			path = Views;
			sourceTree = "<group>";
		};
		81D09A27297DC43C00763688 /* Models */ = {
			isa = PBXGroup;
			children = (
				81F0106E2A09EA4100840292 /* Character */,
				81D09A2B297DC54800763688 /* RMLocation.swift */,
				81D09A2F297DC57500763688 /* RMEpisode.swift */,
			);
			path = Models;
			sourceTree = "<group>";
		};
		81D09A28297DC44900763688 /* ViewModels */ = {
			isa = PBXGroup;
			children = (
			);
			path = ViewModels;
			sourceTree = "<group>";
		};
		81D09A29297DC45B00763688 /* ApiCallers */ = {
			isa = PBXGroup;
			children = (
				81F010682A09E0AD00840292 /* NetworkManager.swift */,
				81F010662A09E09C00840292 /* RMRequest.swift */,
				81F0106A2A09E17B00840292 /* RMEndpoints.swift */,
			);
			path = ApiCallers;
			sourceTree = "<group>";
		};
		81D09A2A297DC46700763688 /* Resources */ = {
			isa = PBXGroup;
			children = (
				81D09A1A297DBD5800763688 /* Assets.xcassets */,
				81D09A1C297DBD5800763688 /* LaunchScreen.storyboard */,
			);
			path = Resources;
			sourceTree = "<group>";
		};
		81D09A31297DC98E00763688 /* Core */ = {
			isa = PBXGroup;
			children = (
				81D09A15297DBD5500763688 /* RMTabBarViewController.swift */,
				81D09A34297DCA8100763688 /* RMCharacterViewController.swift */,
				81D09A32297DCA6400763688 /* RMLocationViewController.swift */,
				81D09A36297DCA9100763688 /* RMEpisodeViewController.swift */,
				81D09A38297DCD3700763688 /* RMSettingViewController.swift */,
			);
			path = Core;
			sourceTree = "<group>";
		};
		81F0106E2A09EA4100840292 /* Character */ = {
			isa = PBXGroup;
			children = (
				81D09A2D297DC55B00763688 /* RMCharacter.swift */,
				81F0106C2A09E84700840292 /* RMOrigin.swift */,
				81F0106F2A09EAA200840292 /* RMGender.swift */,
				81F010712A09EAB300840292 /* RMStatus.swift */,
			);
			path = Character;
			sourceTree = "<group>";
		};
/* End PBXGroup section */

/* Begin PBXNativeTarget section */
		81D09A0D297DBD5400763688 /* RickAndMorty */ = {
			isa = PBXNativeTarget;
			buildConfigurationList = 81D09A22297DBD5800763688 /* Build configuration list for PBXNativeTarget "RickAndMorty" */;
			buildPhases = (
				81D09A0A297DBD5400763688 /* Sources */,
				81D09A0B297DBD5400763688 /* Frameworks */,
				81D09A0C297DBD5400763688 /* Resources */,
			);
			buildRules = (
			);
			dependencies = (
			);
			name = RickAndMorty;
			productName = RickAndMorty;
			productReference = 81D09A0E297DBD5400763688 /* RickAndMorty.app */;
			productType = "com.apple.product-type.application";
		};
/* End PBXNativeTarget section */

/* Begin PBXProject section */
		81D09A06297DBD5400763688 /* Project object */ = {
			isa = PBXProject;
			attributes = {
				BuildIndependentTargetsInParallel = 1;
				LastSwiftUpdateCheck = 1410;
				LastUpgradeCheck = 1410;
				TargetAttributes = {
					81D09A0D297DBD5400763688 = {
						CreatedOnToolsVersion = 14.1;
					};
				};
			};
			buildConfigurationList = 81D09A09297DBD5400763688 /* Build configuration list for PBXProject "RickAndMorty" */;
			compatibilityVersion = "Xcode 14.0";
			developmentRegion = en;
			hasScannedForEncodings = 0;
			knownRegions = (
				en,
				Base,
			);
			mainGroup = 81D09A05297DBD5400763688;
			productRefGroup = 81D09A0F297DBD5400763688 /* Products */;
			projectDirPath = "";
			projectRoot = "";
			targets = (
				81D09A0D297DBD5400763688 /* RickAndMorty */,
			);
		};
/* End PBXProject section */

/* Begin PBXResourcesBuildPhase section */
		81D09A0C297DBD5400763688 /* Resources */ = {
			isa = PBXResourcesBuildPhase;
			buildActionMask = 2147483647;
			files = (
				81D09A1E297DBD5800763688 /* LaunchScreen.storyboard in Resources */,
				81D09A1B297DBD5800763688 /* Assets.xcassets in Resources */,
			);
			runOnlyForDeploymentPostprocessing = 0;
		};
/* End PBXResourcesBuildPhase section */

/* Begin PBXSourcesBuildPhase section */
		81D09A0A297DBD5400763688 /* Sources */ = {
			isa = PBXSourcesBuildPhase;
			buildActionMask = 2147483647;
			files = (
				81D09A33297DCA6400763688 /* RMLocationViewController.swift in Sources */,
				81F010722A09EAB300840292 /* RMStatus.swift in Sources */,
				81D09A2E297DC55B00763688 /* RMCharacter.swift in Sources */,
				81F010672A09E09C00840292 /* RMRequest.swift in Sources */,
				81F010702A09EAA200840292 /* RMGender.swift in Sources */,
				81D09A16297DBD5500763688 /* RMTabBarViewController.swift in Sources */,
				81D09A30297DC57500763688 /* RMEpisode.swift in Sources */,
				81F0106D2A09E84700840292 /* RMOrigin.swift in Sources */,
				81D09A2C297DC54800763688 /* RMLocation.swift in Sources */,
				81D09A39297DCD3700763688 /* RMSettingViewController.swift in Sources */,
				81F010692A09E0AD00840292 /* NetworkManager.swift in Sources */,
				81D09A12297DBD5400763688 /* AppDelegate.swift in Sources */,
				81D09A35297DCA8100763688 /* RMCharacterViewController.swift in Sources */,
				81D09A37297DCA9100763688 /* RMEpisodeViewController.swift in Sources */,
				81F0106B2A09E17B00840292 /* RMEndpoints.swift in Sources */,
			);
			runOnlyForDeploymentPostprocessing = 0;
		};
/* End PBXSourcesBuildPhase section */

/* Begin PBXVariantGroup section */
		81D09A1C297DBD5800763688 /* LaunchScreen.storyboard */ = {
			isa = PBXVariantGroup;
			children = (
				81D09A1D297DBD5800763688 /* Base */,
			);
			name = LaunchScreen.storyboard;
			sourceTree = "<group>";
		};
/* End PBXVariantGroup section */

/* Begin XCBuildConfiguration section */
		81D09A20297DBD5800763688 /* Debug */ = {
			isa = XCBuildConfiguration;
			buildSettings = {
				ALWAYS_SEARCH_USER_PATHS = NO;
				CLANG_ANALYZER_NONNULL = YES;
				CLANG_ANALYZER_NUMBER_OBJECT_CONVERSION = YES_AGGRESSIVE;
				CLANG_CXX_LANGUAGE_STANDARD = "gnu++20";
				CLANG_ENABLE_MODULES = YES;
				CLANG_ENABLE_OBJC_ARC = YES;
				CLANG_ENABLE_OBJC_WEAK = YES;
				CLANG_WARN_BLOCK_CAPTURE_AUTORELEASING = YES;
				CLANG_WARN_BOOL_CONVERSION = YES;
				CLANG_WARN_COMMA = YES;
				CLANG_WARN_CONSTANT_CONVERSION = YES;
				CLANG_WARN_DEPRECATED_OBJC_IMPLEMENTATIONS = YES;
				CLANG_WARN_DIRECT_OBJC_ISA_USAGE = YES_ERROR;
				CLANG_WARN_DOCUMENTATION_COMMENTS = YES;
				CLANG_WARN_EMPTY_BODY = YES;
				CLANG_WARN_ENUM_CONVERSION = YES;
				CLANG_WARN_INFINITE_RECURSION = YES;
				CLANG_WARN_INT_CONVERSION = YES;
				CLANG_WARN_NON_LITERAL_NULL_CONVERSION = YES;
				CLANG_WARN_OBJC_IMPLICIT_RETAIN_SELF = YES;
				CLANG_WARN_OBJC_LITERAL_CONVERSION = YES;
				CLANG_WARN_OBJC_ROOT_CLASS = YES_ERROR;
				CLANG_WARN_QUOTED_INCLUDE_IN_FRAMEWORK_HEADER = YES;
				CLANG_WARN_RANGE_LOOP_ANALYSIS = YES;
				CLANG_WARN_STRICT_PROTOTYPES = YES;
				CLANG_WARN_SUSPICIOUS_MOVE = YES;
				CLANG_WARN_UNGUARDED_AVAILABILITY = YES_AGGRESSIVE;
				CLANG_WARN_UNREACHABLE_CODE = YES;
				CLANG_WARN__DUPLICATE_METHOD_MATCH = YES;
				COPY_PHASE_STRIP = NO;
				DEBUG_INFORMATION_FORMAT = dwarf;
				ENABLE_STRICT_OBJC_MSGSEND = YES;
				ENABLE_TESTABILITY = YES;
				GCC_C_LANGUAGE_STANDARD = gnu11;
				GCC_DYNAMIC_NO_PIC = NO;
				GCC_NO_COMMON_BLOCKS = YES;
				GCC_OPTIMIZATION_LEVEL = 0;
				GCC_PREPROCESSOR_DEFINITIONS = (
					"DEBUG=1",
					"$(inherited)",
				);
				GCC_WARN_64_TO_32_BIT_CONVERSION = YES;
				GCC_WARN_ABOUT_RETURN_TYPE = YES_ERROR;
				GCC_WARN_UNDECLARED_SELECTOR = YES;
				GCC_WARN_UNINITIALIZED_AUTOS = YES_AGGRESSIVE;
				GCC_WARN_UNUSED_FUNCTION = YES;
				GCC_WARN_UNUSED_VARIABLE = YES;
				IPHONEOS_DEPLOYMENT_TARGET = 16.1;
				MTL_ENABLE_DEBUG_INFO = INCLUDE_SOURCE;
				MTL_FAST_MATH = YES;
				ONLY_ACTIVE_ARCH = YES;
				SDKROOT = iphoneos;
				SWIFT_ACTIVE_COMPILATION_CONDITIONS = DEBUG;
				SWIFT_OPTIMIZATION_LEVEL = "-Onone";
			};
			name = Debug;
		};
		81D09A21297DBD5800763688 /* Release */ = {
			isa = XCBuildConfiguration;
			buildSettings = {
				ALWAYS_SEARCH_USER_PATHS = NO;
				CLANG_ANALYZER_NONNULL = YES;
				CLANG_ANALYZER_NUMBER_OBJECT_CONVERSION = YES_AGGRESSIVE;
				CLANG_CXX_LANGUAGE_STANDARD = "gnu++20";
				CLANG_ENABLE_MODULES = YES;
				CLANG_ENABLE_OBJC_ARC = YES;
				CLANG_ENABLE_OBJC_WEAK = YES;
				CLANG_WARN_BLOCK_CAPTURE_AUTORELEASING = YES;
				CLANG_WARN_BOOL_CONVERSION = YES;
				CLANG_WARN_COMMA = YES;
				CLANG_WARN_CONSTANT_CONVERSION = YES;
				CLANG_WARN_DEPRECATED_OBJC_IMPLEMENTATIONS = YES;
				CLANG_WARN_DIRECT_OBJC_ISA_USAGE = YES_ERROR;
				CLANG_WARN_DOCUMENTATION_COMMENTS = YES;
				CLANG_WARN_EMPTY_BODY = YES;
				CLANG_WARN_ENUM_CONVERSION = YES;
				CLANG_WARN_INFINITE_RECURSION = YES;
				CLANG_WARN_INT_CONVERSION = YES;
				CLANG_WARN_NON_LITERAL_NULL_CONVERSION = YES;
				CLANG_WARN_OBJC_IMPLICIT_RETAIN_SELF = YES;
				CLANG_WARN_OBJC_LITERAL_CONVERSION = YES;
				CLANG_WARN_OBJC_ROOT_CLASS = YES_ERROR;
				CLANG_WARN_QUOTED_INCLUDE_IN_FRAMEWORK_HEADER = YES;
				CLANG_WARN_RANGE_LOOP_ANALYSIS = YES;
				CLANG_WARN_STRICT_PROTOTYPES = YES;
				CLANG_WARN_SUSPICIOUS_MOVE = YES;
				CLANG_WARN_UNGUARDED_AVAILABILITY = YES_AGGRESSIVE;
				CLANG_WARN_UNREACHABLE_CODE = YES;
				CLANG_WARN__DUPLICATE_METHOD_MATCH = YES;
				COPY_PHASE_STRIP = NO;
				DEBUG_INFORMATION_FORMAT = "dwarf-with-dsym";
				ENABLE_NS_ASSERTIONS = NO;
				ENABLE_STRICT_OBJC_MSGSEND = YES;
				GCC_C_LANGUAGE_STANDARD = gnu11;
				GCC_NO_COMMON_BLOCKS = YES;
				GCC_WARN_64_TO_32_BIT_CONVERSION = YES;
				GCC_WARN_ABOUT_RETURN_TYPE = YES_ERROR;
				GCC_WARN_UNDECLARED_SELECTOR = YES;
				GCC_WARN_UNINITIALIZED_AUTOS = YES_AGGRESSIVE;
				GCC_WARN_UNUSED_FUNCTION = YES;
				GCC_WARN_UNUSED_VARIABLE = YES;
				IPHONEOS_DEPLOYMENT_TARGET = 16.1;
				MTL_ENABLE_DEBUG_INFO = NO;
				MTL_FAST_MATH = YES;
				SDKROOT = iphoneos;
				SWIFT_COMPILATION_MODE = wholemodule;
				SWIFT_OPTIMIZATION_LEVEL = "-O";
				VALIDATE_PRODUCT = YES;
			};
			name = Release;
		};
		81D09A23297DBD5800763688 /* Debug */ = {
			isa = XCBuildConfiguration;
			buildSettings = {
				ASSETCATALOG_COMPILER_APPICON_NAME = AppIcon;
				ASSETCATALOG_COMPILER_GLOBAL_ACCENT_COLOR_NAME = AccentColor;
				CODE_SIGN_STYLE = Automatic;
				CURRENT_PROJECT_VERSION = 1;
				GENERATE_INFOPLIST_FILE = YES;
				INFOPLIST_FILE = RickAndMorty/Info.plist;
				INFOPLIST_KEY_UIApplicationSupportsIndirectInputEvents = YES;
				INFOPLIST_KEY_UILaunchStoryboardName = LaunchScreen;
				INFOPLIST_KEY_UISupportedInterfaceOrientations_iPad = "UIInterfaceOrientationPortrait UIInterfaceOrientationPortraitUpsideDown UIInterfaceOrientationLandscapeLeft UIInterfaceOrientationLandscapeRight";
				INFOPLIST_KEY_UISupportedInterfaceOrientations_iPhone = "UIInterfaceOrientationPortrait UIInterfaceOrientationLandscapeLeft UIInterfaceOrientationLandscapeRight";
				LD_RUNPATH_SEARCH_PATHS = (
					"$(inherited)",
					"@executable_path/Frameworks",
				);
				MARKETING_VERSION = 1.0;
				PRODUCT_BUNDLE_IDENTIFIER = com.boris.RickAndMorty;
				PRODUCT_NAME = "$(TARGET_NAME)";
				SWIFT_EMIT_LOC_STRINGS = YES;
				SWIFT_VERSION = 5.0;
				TARGETED_DEVICE_FAMILY = "1,2";
			};
			name = Debug;
		};
		81D09A24297DBD5800763688 /* Release */ = {
			isa = XCBuildConfiguration;
			buildSettings = {
				ASSETCATALOG_COMPILER_APPICON_NAME = AppIcon;
				ASSETCATALOG_COMPILER_GLOBAL_ACCENT_COLOR_NAME = AccentColor;
				CODE_SIGN_STYLE = Automatic;
				CURRENT_PROJECT_VERSION = 1;
				GENERATE_INFOPLIST_FILE = YES;
				INFOPLIST_FILE = RickAndMorty/Info.plist;
				INFOPLIST_KEY_UIApplicationSupportsIndirectInputEvents = YES;
				INFOPLIST_KEY_UILaunchStoryboardName = LaunchScreen;
				INFOPLIST_KEY_UISupportedInterfaceOrientations_iPad = "UIInterfaceOrientationPortrait UIInterfaceOrientationPortraitUpsideDown UIInterfaceOrientationLandscapeLeft UIInterfaceOrientationLandscapeRight";
				INFOPLIST_KEY_UISupportedInterfaceOrientations_iPhone = "UIInterfaceOrientationPortrait UIInterfaceOrientationLandscapeLeft UIInterfaceOrientationLandscapeRight";
				LD_RUNPATH_SEARCH_PATHS = (
					"$(inherited)",
					"@executable_path/Frameworks",
				);
				MARKETING_VERSION = 1.0;
				PRODUCT_BUNDLE_IDENTIFIER = com.boris.RickAndMorty;
				PRODUCT_NAME = "$(TARGET_NAME)";
				SWIFT_EMIT_LOC_STRINGS = YES;
				SWIFT_VERSION = 5.0;
				TARGETED_DEVICE_FAMILY = "1,2";
			};
			name = Release;
		};
/* End XCBuildConfiguration section */

/* Begin XCConfigurationList section */
		81D09A09297DBD5400763688 /* Build configuration list for PBXProject "RickAndMorty" */ = {
			isa = XCConfigurationList;
			buildConfigurations = (
				81D09A20297DBD5800763688 /* Debug */,
				81D09A21297DBD5800763688 /* Release */,
			);
			defaultConfigurationIsVisible = 0;
			defaultConfigurationName = Release;
		};
		81D09A22297DBD5800763688 /* Build configuration list for PBXNativeTarget "RickAndMorty" */ = {
			isa = XCConfigurationList;
			buildConfigurations = (
				81D09A23297DBD5800763688 /* Debug */,
				81D09A24297DBD5800763688 /* Release */,
			);
			defaultConfigurationIsVisible = 0;
			defaultConfigurationName = Release;
		};
/* End XCConfigurationList section */
	};
	rootObject = 81D09A06297DBD5400763688 /* Project object */;
}
